
Microsoft Visual Studio Solution File, Format Version 12.00
# Visual Studio Version 16
VisualStudioVersion = 16.0.31105.61
MinimumVisualStudioVersion = 10.0.40219.1
Project("{9A19103F-16F7-4668-BE54-9A1E7A4F7556}") = "GameIndustry", "GameIndustry\GameIndustry.csproj", "{D49EE561-F3E1-4F61-B51D-11259AF4628C}"
EndProject
Global
	GlobalSection(SolutionConfigurationPlatforms) = preSolution
		Debug|Any CPU = Debug|Any CPU
		Release|Any CPU = Release|Any CPU
	EndGlobalSection
	GlobalSection(ProjectConfigurationPlatforms) = postSolution
		{D49EE561-F3E1-4F61-B51D-11259AF4628C}.Debug|Any CPU.ActiveCfg = Debug|Any CPU
		{D49EE561-F3E1-4F61-B51D-11259AF4628C}.Debug|Any CPU.Build.0 = Debug|Any CPU
		{D49EE561-F3E1-4F61-B51D-11259AF4628C}.Release|Any CPU.ActiveCfg = Release|Any CPU
		{D49EE561-F3E1-4F61-B51D-11259AF4628C}.Release|Any CPU.Build.0 = Release|Any CPU
	EndGlobalSection
	GlobalSection(SolutionProperties) = preSolution
		HideSolutionNode = FALSE
	EndGlobalSection
	GlobalSection(ExtensibilityGlobals) = postSolution
		SolutionGuid = {08448F84-5EE3-4CF4-BF2F-DD21E07C5813}
	EndGlobalSection
EndGlobal
